
Microsoft Visual Studio Solution File, Format Version 12.00
# Visual Studio 15
VisualStudioVersion = 15.0.28010.2046
MinimumVisualStudioVersion = 10.0.40219.1
Project("{8BC9CEB8-8B4A-11D0-8D11-00A0C91BC942}") = "minimization", "minimization\minimization.vcxproj", "{B0CC760A-2BC3-486D-9EC1-EBD5D9426020}"
EndProject
Project("{8BC9CEB8-8B4A-11D0-8D11-00A0C91BC942}") = "test", "test\test.vcxproj", "{23F1AA61-0666-4DEA-8F08-4EB35B225509}"
EndProject
Project("{8BC9CEB8-8B4A-11D0-8D11-00A0C91BC942}") = "ConsoleApplication1", "ConsoleApplication1\ConsoleApplication1.vcxproj", "{3587D7C0-1671-496C-8CD8-7E28B9E8CEFD}"
EndProject
Project("{8BC9CEB8-8B4A-11D0-8D11-00A0C91BC942}") = "ConsoleApplication2", "ConsoleApplication2\ConsoleApplication2.vcxproj", "{607ACE48-BA4F-4BBB-9E99-64D4B3BD0301}"
EndProject
Global
	GlobalSection(SolutionConfigurationPlatforms) = preSolution
		Debug|x64 = Debug|x64
		Debug|x86 = Debug|x86
		Release|x64 = Release|x64
		Release|x86 = Release|x86
	EndGlobalSection
	GlobalSection(ProjectConfigurationPlatforms) = postSolution
		{B0CC760A-2BC3-486D-9EC1-EBD5D9426020}.Debug|x64.ActiveCfg = Debug|x64
		{B0CC760A-2BC3-486D-9EC1-EBD5D9426020}.Debug|x64.Build.0 = Debug|x64
		{B0CC760A-2BC3-486D-9EC1-EBD5D9426020}.Debug|x86.ActiveCfg = Debug|Win32
		{B0CC760A-2BC3-486D-9EC1-EBD5D9426020}.Debug|x86.Build.0 = Debug|Win32
		{B0CC760A-2BC3-486D-9EC1-EBD5D9426020}.Release|x64.ActiveCfg = Release|x64
		{B0CC760A-2BC3-486D-9EC1-EBD5D9426020}.Release|x64.Build.0 = Release|x64
		{B0CC760A-2BC3-486D-9EC1-EBD5D9426020}.Release|x86.ActiveCfg = Release|Win32
		{B0CC760A-2BC3-486D-9EC1-EBD5D9426020}.Release|x86.Build.0 = Release|Win32
		{23F1AA61-0666-4DEA-8F08-4EB35B225509}.Debug|x64.ActiveCfg = Debug|x64
		{23F1AA61-0666-4DEA-8F08-4EB35B225509}.Debug|x64.Build.0 = Debug|x64
		{23F1AA61-0666-4DEA-8F08-4EB35B225509}.Debug|x86.ActiveCfg = Debug|Win32
		{23F1AA61-0666-4DEA-8F08-4EB35B225509}.Debug|x86.Build.0 = Debug|Win32
		{23F1AA61-0666-4DEA-8F08-4EB35B225509}.Release|x64.ActiveCfg = Release|x64
		{23F1AA61-0666-4DEA-8F08-4EB35B225509}.Release|x64.Build.0 = Release|x64
		{23F1AA61-0666-4DEA-8F08-4EB35B225509}.Release|x86.ActiveCfg = Release|Win32
		{23F1AA61-0666-4DEA-8F08-4EB35B225509}.Release|x86.Build.0 = Release|Win32
		{3587D7C0-1671-496C-8CD8-7E28B9E8CEFD}.Debug|x64.ActiveCfg = Debug|x64
		{3587D7C0-1671-496C-8CD8-7E28B9E8CEFD}.Debug|x64.Build.0 = Debug|x64
		{3587D7C0-1671-496C-8CD8-7E28B9E8CEFD}.Debug|x86.ActiveCfg = Debug|Win32
		{3587D7C0-1671-496C-8CD8-7E28B9E8CEFD}.Debug|x86.Build.0 = Debug|Win32
		{3587D7C0-1671-496C-8CD8-7E28B9E8CEFD}.Release|x64.ActiveCfg = Release|x64
		{3587D7C0-1671-496C-8CD8-7E28B9E8CEFD}.Release|x64.Build.0 = Release|x64
		{3587D7C0-1671-496C-8CD8-7E28B9E8CEFD}.Release|x86.ActiveCfg = Release|Win32
		{3587D7C0-1671-496C-8CD8-7E28B9E8CEFD}.Release|x86.Build.0 = Release|Win32
		{607ACE48-BA4F-4BBB-9E99-64D4B3BD0301}.Debug|x64.ActiveCfg = Debug|x64
		{607ACE48-BA4F-4BBB-9E99-64D4B3BD0301}.Debug|x64.Build.0 = Debug|x64
		{607ACE48-BA4F-4BBB-9E99-64D4B3BD0301}.Debug|x86.ActiveCfg = Debug|Win32
		{607ACE48-BA4F-4BBB-9E99-64D4B3BD0301}.Debug|x86.Build.0 = Debug|Win32
		{607ACE48-BA4F-4BBB-9E99-64D4B3BD0301}.Release|x64.ActiveCfg = Release|x64
		{607ACE48-BA4F-4BBB-9E99-64D4B3BD0301}.Release|x64.Build.0 = Release|x64
		{607ACE48-BA4F-4BBB-9E99-64D4B3BD0301}.Release|x86.ActiveCfg = Release|Win32
		{607ACE48-BA4F-4BBB-9E99-64D4B3BD0301}.Release|x86.Build.0 = Release|Win32
	EndGlobalSection
	GlobalSection(SolutionProperties) = preSolution
		HideSolutionNode = FALSE
	EndGlobalSection
	GlobalSection(ExtensibilityGlobals) = postSolution
		SolutionGuid = {2033961D-E5DE-4BE6-B5AD-455EDAD6B851}
	EndGlobalSection
EndGlobal
